// !$*UTF8*$!
{
	archiveVersion = 1;
	classes = {
	};
	objectVersion = 56;
	objects = {

/* Begin PBXBuildFile section */
		12D889372C8ECD39007F2759 /* ContentView.swift in Sources */ = {isa = PBXBuildFile; fileRef = 12D889362C8ECD39007F2759 /* ContentView.swift */; };
		12D889392C8ECD3A007F2759 /* Assets.xcassets in Resources */ = {isa = PBXBuildFile; fileRef = 12D889382C8ECD3A007F2759 /* Assets.xcassets */; };
		12D8893C2C8ECD3A007F2759 /* Preview Assets.xcassets in Resources */ = {isa = PBXBuildFile; fileRef = 12D8893B2C8ECD3A007F2759 /* Preview Assets.xcassets */; };
		12D889442C9317F2007F2759 /* Utilities.swift in Sources */ = {isa = PBXBuildFile; fileRef = 12D889432C9317F2007F2759 /* Utilities.swift */; };
		12D889462C931868007F2759 /* NetworkManager.swift in Sources */ = {isa = PBXBuildFile; fileRef = 12D889452C931868007F2759 /* NetworkManager.swift */; };
		12D889482C9318B7007F2759 /* Settings.swift in Sources */ = {isa = PBXBuildFile; fileRef = 12D889472C9318B7007F2759 /* Settings.swift */; };
		12D8894A2C931937007F2759 /* Models.swift in Sources */ = {isa = PBXBuildFile; fileRef = 12D889492C931937007F2759 /* Models.swift */; };
		12D8894C2C9319A2007F2759 /* ContentViewModel.swift in Sources */ = {isa = PBXBuildFile; fileRef = 12D8894B2C9319A2007F2759 /* ContentViewModel.swift */; };
		12D8894E2C931ABA007F2759 /* SettingsView.swift in Sources */ = {isa = PBXBuildFile; fileRef = 12D8894D2C931ABA007F2759 /* SettingsView.swift */; };
		12D889502C9323C7007F2759 /* JiraDeck.swift in Sources */ = {isa = PBXBuildFile; fileRef = 12D8894F2C9323C7007F2759 /* JiraDeck.swift */; };
/* End PBXBuildFile section */

/* Begin PBXFileReference section */
		12D889312C8ECD39007F2759 /* JiraDeck.app */ = {isa = PBXFileReference; explicitFileType = wrapper.application; includeInIndex = 0; path = JiraDeck.app; sourceTree = BUILT_PRODUCTS_DIR; };
		12D889362C8ECD39007F2759 /* ContentView.swift */ = {isa = PBXFileReference; lastKnownFileType = sourcecode.swift; path = ContentView.swift; sourceTree = "<group>"; };
		12D889382C8ECD3A007F2759 /* Assets.xcassets */ = {isa = PBXFileReference; lastKnownFileType = folder.assetcatalog; path = Assets.xcassets; sourceTree = "<group>"; };
		12D8893B2C8ECD3A007F2759 /* Preview Assets.xcassets */ = {isa = PBXFileReference; lastKnownFileType = folder.assetcatalog; path = "Preview Assets.xcassets"; sourceTree = "<group>"; };
		12D8893D2C8ECD3A007F2759 /* jira_deck.entitlements */ = {isa = PBXFileReference; lastKnownFileType = text.plist.entitlements; path = jira_deck.entitlements; sourceTree = "<group>"; };
		12D889432C9317F2007F2759 /* Utilities.swift */ = {isa = PBXFileReference; lastKnownFileType = sourcecode.swift; path = Utilities.swift; sourceTree = "<group>"; };
		12D889452C931868007F2759 /* NetworkManager.swift */ = {isa = PBXFileReference; lastKnownFileType = sourcecode.swift; path = NetworkManager.swift; sourceTree = "<group>"; };
		12D889472C9318B7007F2759 /* Settings.swift */ = {isa = PBXFileReference; lastKnownFileType = sourcecode.swift; path = Settings.swift; sourceTree = "<group>"; };
		12D889492C931937007F2759 /* Models.swift */ = {isa = PBXFileReference; lastKnownFileType = sourcecode.swift; path = Models.swift; sourceTree = "<group>"; };
		12D8894B2C9319A2007F2759 /* ContentViewModel.swift */ = {isa = PBXFileReference; lastKnownFileType = sourcecode.swift; path = ContentViewModel.swift; sourceTree = "<group>"; };
		12D8894D2C931ABA007F2759 /* SettingsView.swift */ = {isa = PBXFileReference; lastKnownFileType = sourcecode.swift; path = SettingsView.swift; sourceTree = "<group>"; };
		12D8894F2C9323C7007F2759 /* JiraDeck.swift */ = {isa = PBXFileReference; fileEncoding = 4; lastKnownFileType = sourcecode.swift; path = JiraDeck.swift; sourceTree = "<group>"; };
/* End PBXFileReference section */

/* Begin PBXFrameworksBuildPhase section */
		12D8892E2C8ECD39007F2759 /* Frameworks */ = {
			isa = PBXFrameworksBuildPhase;
			buildActionMask = 2147483647;
			files = (
			);
			runOnlyForDeploymentPostprocessing = 0;
		};
/* End PBXFrameworksBuildPhase section */

/* Begin PBXGroup section */
		12D889282C8ECD39007F2759 = {
			isa = PBXGroup;
			children = (
				12D889332C8ECD39007F2759 /* jira-deck */,
				12D889322C8ECD39007F2759 /* Products */,
			);
			sourceTree = "<group>";
		};
		12D889322C8ECD39007F2759 /* Products */ = {
			isa = PBXGroup;
			children = (
				12D889312C8ECD39007F2759 /* JiraDeck.app */,
			);
			name = Products;
			sourceTree = "<group>";
		};
		12D889332C8ECD39007F2759 /* jira-deck */ = {
			isa = PBXGroup;
			children = (
				12D8894B2C9319A2007F2759 /* ContentViewModel.swift */,
				12D889492C931937007F2759 /* Models.swift */,
				12D889472C9318B7007F2759 /* Settings.swift */,
				12D889452C931868007F2759 /* NetworkManager.swift */,
				12D8894F2C9323C7007F2759 /* JiraDeck.swift */,
				12D889362C8ECD39007F2759 /* ContentView.swift */,
				12D889382C8ECD3A007F2759 /* Assets.xcassets */,
				12D8893D2C8ECD3A007F2759 /* jira_deck.entitlements */,
				12D8893A2C8ECD3A007F2759 /* Preview Content */,
				12D889432C9317F2007F2759 /* Utilities.swift */,
				12D8894D2C931ABA007F2759 /* SettingsView.swift */,
			);
			path = "jira-deck";
			sourceTree = "<group>";
		};
		12D8893A2C8ECD3A007F2759 /* Preview Content */ = {
			isa = PBXGroup;
			children = (
				12D8893B2C8ECD3A007F2759 /* Preview Assets.xcassets */,
			);
			path = "Preview Content";
			sourceTree = "<group>";
		};
/* End PBXGroup section */

/* Begin PBXNativeTarget section */
		12D889302C8ECD39007F2759 /* JiraDeck */ = {
			isa = PBXNativeTarget;
			buildConfigurationList = 12D889402C8ECD3A007F2759 /* Build configuration list for PBXNativeTarget "JiraDeck" */;
			buildPhases = (
				12D8892D2C8ECD39007F2759 /* Sources */,
				12D8892E2C8ECD39007F2759 /* Frameworks */,
				12D8892F2C8ECD39007F2759 /* Resources */,
			);
			buildRules = (
			);
			dependencies = (
			);
			name = JiraDeck;
			productName = "jira-deck";
			productReference = 12D889312C8ECD39007F2759 /* JiraDeck.app */;
			productType = "com.apple.product-type.application";
		};
/* End PBXNativeTarget section */

/* Begin PBXProject section */
		12D889292C8ECD39007F2759 /* Project object */ = {
			isa = PBXProject;
			attributes = {
				BuildIndependentTargetsInParallel = 1;
				LastSwiftUpdateCheck = 1540;
				LastUpgradeCheck = 1540;
				TargetAttributes = {
					12D889302C8ECD39007F2759 = {
						CreatedOnToolsVersion = 15.4;
					};
				};
			};
			buildConfigurationList = 12D8892C2C8ECD39007F2759 /* Build configuration list for PBXProject "JiraDeck" */;
			compatibilityVersion = "Xcode 14.0";
			developmentRegion = en;
			hasScannedForEncodings = 0;
			knownRegions = (
				en,
				Base,
			);
			mainGroup = 12D889282C8ECD39007F2759;
			productRefGroup = 12D889322C8ECD39007F2759 /* Products */;
			projectDirPath = "";
			projectRoot = "";
			targets = (
				12D889302C8ECD39007F2759 /* JiraDeck */,
			);
		};
/* End PBXProject section */

/* Begin PBXResourcesBuildPhase section */
		12D8892F2C8ECD39007F2759 /* Resources */ = {
			isa = PBXResourcesBuildPhase;
			buildActionMask = 2147483647;
			files = (
				12D8893C2C8ECD3A007F2759 /* Preview Assets.xcassets in Resources */,
				12D889392C8ECD3A007F2759 /* Assets.xcassets in Resources */,
			);
			runOnlyForDeploymentPostprocessing = 0;
		};
/* End PBXResourcesBuildPhase section */

/* Begin PBXSourcesBuildPhase section */
		12D8892D2C8ECD39007F2759 /* Sources */ = {
			isa = PBXSourcesBuildPhase;
			buildActionMask = 2147483647;
			files = (
				12D889462C931868007F2759 /* NetworkManager.swift in Sources */,
				12D8894E2C931ABA007F2759 /* SettingsView.swift in Sources */,
				12D889442C9317F2007F2759 /* Utilities.swift in Sources */,
				12D889502C9323C7007F2759 /* JiraDeck.swift in Sources */,
				12D889372C8ECD39007F2759 /* ContentView.swift in Sources */,
				12D8894C2C9319A2007F2759 /* ContentViewModel.swift in Sources */,
				12D8894A2C931937007F2759 /* Models.swift in Sources */,
				12D889482C9318B7007F2759 /* Settings.swift in Sources */,
			);
			runOnlyForDeploymentPostprocessing = 0;
		};
/* End PBXSourcesBuildPhase section */

/* Begin XCBuildConfiguration section */
		12D8893E2C8ECD3A007F2759 /* Debug */ = {
			isa = XCBuildConfiguration;
			buildSettings = {
				ALWAYS_SEARCH_USER_PATHS = NO;
				ASSETCATALOG_COMPILER_GENERATE_SWIFT_ASSET_SYMBOL_EXTENSIONS = YES;
				CLANG_ANALYZER_NONNULL = YES;
				CLANG_ANALYZER_NUMBER_OBJECT_CONVERSION = YES_AGGRESSIVE;
				CLANG_CXX_LANGUAGE_STANDARD = "gnu++20";
				CLANG_ENABLE_MODULES = YES;
				CLANG_ENABLE_OBJC_ARC = YES;
				CLANG_ENABLE_OBJC_WEAK = YES;
				CLANG_WARN_BLOCK_CAPTURE_AUTORELEASING = YES;
				CLANG_WARN_BOOL_CONVERSION = YES;
				CLANG_WARN_COMMA = YES;
				CLANG_WARN_CONSTANT_CONVERSION = YES;
				CLANG_WARN_DEPRECATED_OBJC_IMPLEMENTATIONS = YES;
				CLANG_WARN_DIRECT_OBJC_ISA_USAGE = YES_ERROR;
				CLANG_WARN_DOCUMENTATION_COMMENTS = YES;
				CLANG_WARN_EMPTY_BODY = YES;
				CLANG_WARN_ENUM_CONVERSION = YES;
				CLANG_WARN_INFINITE_RECURSION = YES;
				CLANG_WARN_INT_CONVERSION = YES;
				CLANG_WARN_NON_LITERAL_NULL_CONVERSION = YES;
				CLANG_WARN_OBJC_IMPLICIT_RETAIN_SELF = YES;
				CLANG_WARN_OBJC_LITERAL_CONVERSION = YES;
				CLANG_WARN_OBJC_ROOT_CLASS = YES_ERROR;
				CLANG_WARN_QUOTED_INCLUDE_IN_FRAMEWORK_HEADER = YES;
				CLANG_WARN_RANGE_LOOP_ANALYSIS = YES;
				CLANG_WARN_STRICT_PROTOTYPES = YES;
				CLANG_WARN_SUSPICIOUS_MOVE = YES;
				CLANG_WARN_UNGUARDED_AVAILABILITY = YES_AGGRESSIVE;
				CLANG_WARN_UNREACHABLE_CODE = YES;
				CLANG_WARN__DUPLICATE_METHOD_MATCH = YES;
				COPY_PHASE_STRIP = NO;
				DEBUG_INFORMATION_FORMAT = dwarf;
				ENABLE_STRICT_OBJC_MSGSEND = YES;
				ENABLE_TESTABILITY = YES;
				ENABLE_USER_SCRIPT_SANDBOXING = YES;
				GCC_C_LANGUAGE_STANDARD = gnu17;
				GCC_DYNAMIC_NO_PIC = NO;
				GCC_NO_COMMON_BLOCKS = YES;
				GCC_OPTIMIZATION_LEVEL = 0;
				GCC_PREPROCESSOR_DEFINITIONS = (
					"DEBUG=1",
					"$(inherited)",
				);
				GCC_WARN_64_TO_32_BIT_CONVERSION = YES;
				GCC_WARN_ABOUT_RETURN_TYPE = YES_ERROR;
				GCC_WARN_UNDECLARED_SELECTOR = YES;
				GCC_WARN_UNINITIALIZED_AUTOS = YES_AGGRESSIVE;
				GCC_WARN_UNUSED_FUNCTION = YES;
				GCC_WARN_UNUSED_VARIABLE = YES;
				LOCALIZATION_PREFERS_STRING_CATALOGS = YES;
				MACOSX_DEPLOYMENT_TARGET = 14.3;
				MTL_ENABLE_DEBUG_INFO = INCLUDE_SOURCE;
				MTL_FAST_MATH = YES;
				ONLY_ACTIVE_ARCH = YES;
				SDKROOT = macosx;
				SWIFT_ACTIVE_COMPILATION_CONDITIONS = "DEBUG $(inherited)";
				SWIFT_OPTIMIZATION_LEVEL = "-Onone";
			};
			name = Debug;
		};
		12D8893F2C8ECD3A007F2759 /* Release */ = {
			isa = XCBuildConfiguration;
			buildSettings = {
				ALWAYS_SEARCH_USER_PATHS = NO;
				ASSETCATALOG_COMPILER_GENERATE_SWIFT_ASSET_SYMBOL_EXTENSIONS = YES;
				CLANG_ANALYZER_NONNULL = YES;
				CLANG_ANALYZER_NUMBER_OBJECT_CONVERSION = YES_AGGRESSIVE;
				CLANG_CXX_LANGUAGE_STANDARD = "gnu++20";
				CLANG_ENABLE_MODULES = YES;
				CLANG_ENABLE_OBJC_ARC = YES;
				CLANG_ENABLE_OBJC_WEAK = YES;
				CLANG_WARN_BLOCK_CAPTURE_AUTORELEASING = YES;
				CLANG_WARN_BOOL_CONVERSION = YES;
				CLANG_WARN_COMMA = YES;
				CLANG_WARN_CONSTANT_CONVERSION = YES;
				CLANG_WARN_DEPRECATED_OBJC_IMPLEMENTATIONS = YES;
				CLANG_WARN_DIRECT_OBJC_ISA_USAGE = YES_ERROR;
				CLANG_WARN_DOCUMENTATION_COMMENTS = YES;
				CLANG_WARN_EMPTY_BODY = YES;
				CLANG_WARN_ENUM_CONVERSION = YES;
				CLANG_WARN_INFINITE_RECURSION = YES;
				CLANG_WARN_INT_CONVERSION = YES;
				CLANG_WARN_NON_LITERAL_NULL_CONVERSION = YES;
				CLANG_WARN_OBJC_IMPLICIT_RETAIN_SELF = YES;
				CLANG_WARN_OBJC_LITERAL_CONVERSION = YES;
				CLANG_WARN_OBJC_ROOT_CLASS = YES_ERROR;
				CLANG_WARN_QUOTED_INCLUDE_IN_FRAMEWORK_HEADER = YES;
				CLANG_WARN_RANGE_LOOP_ANALYSIS = YES;
				CLANG_WARN_STRICT_PROTOTYPES = YES;
				CLANG_WARN_SUSPICIOUS_MOVE = YES;
				CLANG_WARN_UNGUARDED_AVAILABILITY = YES_AGGRESSIVE;
				CLANG_WARN_UNREACHABLE_CODE = YES;
				CLANG_WARN__DUPLICATE_METHOD_MATCH = YES;
				COPY_PHASE_STRIP = NO;
				DEBUG_INFORMATION_FORMAT = "dwarf-with-dsym";
				ENABLE_NS_ASSERTIONS = NO;
				ENABLE_STRICT_OBJC_MSGSEND = YES;
				ENABLE_USER_SCRIPT_SANDBOXING = YES;
				GCC_C_LANGUAGE_STANDARD = gnu17;
				GCC_NO_COMMON_BLOCKS = YES;
				GCC_WARN_64_TO_32_BIT_CONVERSION = YES;
				GCC_WARN_ABOUT_RETURN_TYPE = YES_ERROR;
				GCC_WARN_UNDECLARED_SELECTOR = YES;
				GCC_WARN_UNINITIALIZED_AUTOS = YES_AGGRESSIVE;
				GCC_WARN_UNUSED_FUNCTION = YES;
				GCC_WARN_UNUSED_VARIABLE = YES;
				LOCALIZATION_PREFERS_STRING_CATALOGS = YES;
				MACOSX_DEPLOYMENT_TARGET = 14.3;
				MTL_ENABLE_DEBUG_INFO = NO;
				MTL_FAST_MATH = YES;
				SDKROOT = macosx;
				SWIFT_COMPILATION_MODE = wholemodule;
			};
			name = Release;
		};
		12D889412C8ECD3A007F2759 /* Debug */ = {
			isa = XCBuildConfiguration;
			buildSettings = {
				ASSETCATALOG_COMPILER_APPICON_NAME = AppIcon;
				ASSETCATALOG_COMPILER_GLOBAL_ACCENT_COLOR_NAME = AccentColor;
				ASSETCATALOG_COMPILER_INCLUDE_ALL_APPICON_ASSETS = YES;
				CODE_SIGN_ENTITLEMENTS = "jira-deck/jira_deck.entitlements";
				CODE_SIGN_STYLE = Automatic;
				COMBINE_HIDPI_IMAGES = YES;
				CURRENT_PROJECT_VERSION = 1;
				DEVELOPMENT_ASSET_PATHS = "\"jira-deck/Preview Content\"";
				DEVELOPMENT_TEAM = TJPPG7V2RJ;
				ENABLE_HARDENED_RUNTIME = YES;
				ENABLE_PREVIEWS = YES;
				GENERATE_INFOPLIST_FILE = YES;
				INFOPLIST_KEY_CFBundleDisplayName = JiraDeck;
				INFOPLIST_KEY_NSHumanReadableCopyright = "";
				LD_RUNPATH_SEARCH_PATHS = (
					"$(inherited)",
					"@executable_path/../Frameworks",
				);
				MARKETING_VERSION = 1.0;
				PRODUCT_BUNDLE_IDENTIFIER = "declan-wade.jira-deck";
				PRODUCT_NAME = "$(TARGET_NAME)";
				SWIFT_EMIT_LOC_STRINGS = YES;
				SWIFT_VERSION = 5.0;
			};
			name = Debug;
		};
		12D889422C8ECD3A007F2759 /* Release */ = {
			isa = XCBuildConfiguration;
			buildSettings = {
				ASSETCATALOG_COMPILER_APPICON_NAME = AppIcon;
				ASSETCATALOG_COMPILER_GLOBAL_ACCENT_COLOR_NAME = AccentColor;
				ASSETCATALOG_COMPILER_INCLUDE_ALL_APPICON_ASSETS = YES;
				CODE_SIGN_ENTITLEMENTS = "jira-deck/jira_deck.entitlements";
				CODE_SIGN_STYLE = Automatic;
				COMBINE_HIDPI_IMAGES = YES;
				CURRENT_PROJECT_VERSION = 1;
				DEVELOPMENT_ASSET_PATHS = "\"jira-deck/Preview Content\"";
				DEVELOPMENT_TEAM = TJPPG7V2RJ;
				ENABLE_HARDENED_RUNTIME = YES;
				ENABLE_PREVIEWS = YES;
				GENERATE_INFOPLIST_FILE = YES;
				INFOPLIST_KEY_CFBundleDisplayName = JiraDeck;
				INFOPLIST_KEY_NSHumanReadableCopyright = "";
				LD_RUNPATH_SEARCH_PATHS = (
					"$(inherited)",
					"@executable_path/../Frameworks",
				);
				MARKETING_VERSION = 1.0;
				PRODUCT_BUNDLE_IDENTIFIER = "declan-wade.jira-deck";
				PRODUCT_NAME = "$(TARGET_NAME)";
				SWIFT_EMIT_LOC_STRINGS = YES;
				SWIFT_VERSION = 5.0;
			};
			name = Release;
		};
/* End XCBuildConfiguration section */

/* Begin XCConfigurationList section */
		12D8892C2C8ECD39007F2759 /* Build configuration list for PBXProject "JiraDeck" */ = {
			isa = XCConfigurationList;
			buildConfigurations = (
				12D8893E2C8ECD3A007F2759 /* Debug */,
				12D8893F2C8ECD3A007F2759 /* Release */,
			);
			defaultConfigurationIsVisible = 0;
			defaultConfigurationName = Release;
		};
		12D889402C8ECD3A007F2759 /* Build configuration list for PBXNativeTarget "JiraDeck" */ = {
			isa = XCConfigurationList;
			buildConfigurations = (
				12D889412C8ECD3A007F2759 /* Debug */,
				12D889422C8ECD3A007F2759 /* Release */,
			);
			defaultConfigurationIsVisible = 0;
			defaultConfigurationName = Release;
		};
/* End XCConfigurationList section */
	};
	rootObject = 12D889292C8ECD39007F2759 /* Project object */;
}
